
Microsoft Visual Studio Solution File, Format Version 12.00
# Visual Studio Version 16
VisualStudioVersion = 16.0.31624.102
MinimumVisualStudioVersion = 10.0.40219.1
Project("{888888A0-9F3D-457C-B088-3A5042F75D52}") = "re-t", "re-t\re-t.pyproj", "{D0AEE29A-6333-41B1-AA91-67A0F28A813E}"
EndProject
Global
	GlobalSection(SolutionConfigurationPlatforms) = preSolution
		Debug|Any CPU = Debug|Any CPU
		Release|Any CPU = Release|Any CPU
	EndGlobalSection
	GlobalSection(ProjectConfigurationPlatforms) = postSolution
		{D0AEE29A-6333-41B1-AA91-67A0F28A813E}.Debug|Any CPU.ActiveCfg = Debug|Any CPU
		{D0AEE29A-6333-41B1-AA91-67A0F28A813E}.Release|Any CPU.ActiveCfg = Release|Any CPU
	EndGlobalSection
	GlobalSection(SolutionProperties) = preSolution
		HideSolutionNode = FALSE
	EndGlobalSection
	GlobalSection(ExtensibilityGlobals) = postSolution
		SolutionGuid = {241B3B17-82B9-455A-B337-2646FFED6183}
	EndGlobalSection
EndGlobal
